
Microsoft Visual Studio Solution File, Format Version 12.00
# Visual Studio Version 16
VisualStudioVersion = 16.0.30523.141
MinimumVisualStudioVersion = 10.0.40219.1
Project("{888888A0-9F3D-457C-B088-3A5042F75D52}") = "Chicken Invaders", "Chicken Invaders.pyproj", "{03D408C2-0348-4960-8B1E-E7A553306754}"
EndProject
Global
	GlobalSection(SolutionConfigurationPlatforms) = preSolution
		Debug|Any CPU = Debug|Any CPU
		Release|Any CPU = Release|Any CPU
	EndGlobalSection
	GlobalSection(ProjectConfigurationPlatforms) = postSolution
		{03D408C2-0348-4960-8B1E-E7A553306754}.Debug|Any CPU.ActiveCfg = Debug|Any CPU
		{03D408C2-0348-4960-8B1E-E7A553306754}.Release|Any CPU.ActiveCfg = Release|Any CPU
	EndGlobalSection
	GlobalSection(SolutionProperties) = preSolution
		HideSolutionNode = FALSE
	EndGlobalSection
	GlobalSection(ExtensibilityGlobals) = postSolution
		SolutionGuid = {C5535E68-4533-40C9-AFA8-A5E93987031E}
	EndGlobalSection
EndGlobal
